
Microsoft Visual Studio Solution File, Format Version 12.00
# Visual Studio 2015
Project("{FAE04EC0-301F-11D3-BF4B-00C04F79EFBC}") = "Frame", "Frame.csproj", "{779D9407-A3B6-30E4-088F-72112ACE31ED}"
EndProject
Global
	GlobalSection(SolutionConfigurationPlatforms) = preSolution
		Debug|Any CPU = Debug|Any CPU
		Release|Any CPU = Release|Any CPU
	EndGlobalSection
	GlobalSection(ProjectConfigurationPlatforms) = postSolution
		{779D9407-A3B6-30E4-088F-72112ACE31ED}.Debug|Any CPU.ActiveCfg = Debug|Any CPU
		{779D9407-A3B6-30E4-088F-72112ACE31ED}.Debug|Any CPU.Build.0 = Debug|Any CPU
		{779D9407-A3B6-30E4-088F-72112ACE31ED}.Release|Any CPU.ActiveCfg = Release|Any CPU
		{779D9407-A3B6-30E4-088F-72112ACE31ED}.Release|Any CPU.Build.0 = Release|Any CPU
	EndGlobalSection
	GlobalSection(SolutionProperties) = preSolution
		HideSolutionNode = FALSE
	EndGlobalSection
EndGlobal
